# This file is autogenerated, do not edit; changes may be undone by the next 'dep ensure'.


[[projects]]
  branch = "master"
  name = "github.com/Bnei-Baruch/sqlboiler"
  packages = [
    "boil",
    "queries",
    "queries/qm",
    "strmangle"
  ]
  revision = "c0262723a40fe7bc0e33a8d92bb0d62ab368386d"

[[projects]]
  name = "github.com/Sirupsen/logrus"
  packages = ["."]
  revision = "1deb2db2a6fff8a35532079061b903c3a25eed52"

[[projects]]
  name = "github.com/abadojack/whatlanggo"
  packages = ["."]
  revision = "e8691489d4025904369f4f585138748c89db3ea4"

[[projects]]
  name = "github.com/davecgh/go-spew"
  packages = ["spew"]
  revision = "346938d642f2ec3594ed81d874461961cd0faa76"
  version = "v1.1.0"

[[projects]]
  name = "github.com/fsnotify/fsnotify"
  packages = ["."]
  revision = "4da3e2cfbabc9f751898f250b49f2439785783a1"

[[projects]]
  name = "github.com/gin-gonic/gin"
  packages = [
    "binding",
    "render"
  ]
  revision = "e2212d40c62a98b388a5eb48ecbdcf88534688ba"
  version = "v1.1.4"

[[projects]]
  name = "github.com/gogo/protobuf"
  packages = [
    "gogoproto",
    "proto",
    "protoc-gen-gogo/descriptor"
  ]
  revision = "971cbfd2e72b513a28c74af7462aee0800248d69"

[[projects]]
  name = "github.com/golang/protobuf"
  packages = ["proto"]
  revision = "2bba0603135d7d7f5cb73b2125beeda19c09f4ef"

[[projects]]
  name = "github.com/hashicorp/hcl"
  packages = [
    ".",
    "hcl/ast",
    "hcl/parser",
    "hcl/scanner",
    "hcl/strconv",
    "hcl/token",
    "json/parser",
    "json/scanner",
    "json/token"
  ]
  revision = "392dba7d905ed5d04a5794ba89f558b27e2ba1ca"

[[projects]]
  name = "github.com/inconshreveable/mousetrap"
  packages = ["."]
  revision = "76626ae9c91c4f2a10f34cad8ce83ea42c93bb75"
  version = "v1.0"

[[projects]]
  name = "github.com/lib/pq"
  packages = [
    ".",
    "oid"
  ]
  revision = "8837942c3e09574accbc5f150e2c5e057189cace"

[[projects]]
  name = "github.com/magiconair/properties"
  packages = ["."]
  revision = "51463bfca2576e06c62a8504b5c0f06d61312647"

[[projects]]
  branch = "master"
  name = "github.com/mailru/easyjson"
  packages = [
    ".",
    "buffer",
    "jlexer",
    "jwriter"
  ]
  revision = "3fdea8d05856a0c8df22ed4bc71b3219245e4485"

[[projects]]
  branch = "master"
  name = "github.com/manucorporat/sse"
  packages = ["."]
  revision = "ee05b128a739a0fb76c7ebd3ae4810c1de808d6d"

[[projects]]
  name = "github.com/mattn/go-isatty"
  packages = ["."]
  revision = "fc9e8d8ef48496124e79ae0df75490096eccf6fe"
  version = "v0.0.2"

[[projects]]
  name = "github.com/mitchellh/mapstructure"
  packages = ["."]
  revision = "d0303fe809921458f417bcf828397a65db30a7e4"

[[projects]]
  name = "github.com/nats-io/go-nats"
  packages = [
    ".",
    "encoders/builtin",
    "util"
  ]
  revision = "f0d9c5988d4c2a17ad466fcdffe010165c46434e"

[[projects]]
  name = "github.com/nats-io/go-nats-streaming"
  packages = [
    ".",
    "pb"
  ]
  revision = "88fd0ce51e45a3a711b737174fd951944c91f085"

[[projects]]
  name = "github.com/nats-io/nuid"
  packages = ["."]
  revision = "33c603157d6fd1b0ac2599bcc4a286b36479a06d"

[[projects]]
  name = "github.com/olivere/elastic"
  packages = [
    "config",
    "uritemplates"
  ]
  revision = "d06c9338b70fa11ac48eb82d8a84090a8d7dfd8d"
  version = "v6.1.24"

[[projects]]
  name = "github.com/pelletier/go-buffruneio"
  packages = ["."]
  revision = "c37440a7cf42ac63b919c752ca73a85067e05992"
  version = "v0.2.0"

[[projects]]
  name = "github.com/pelletier/go-toml"
  packages = ["."]
  revision = "fe7536c3dee2596cdd23ee9976a17c22bdaae286"

[[projects]]
  name = "github.com/pkg/errors"
  packages = ["."]
  revision = "f15c970de5b76fac0b59abb32d62c17cc7bed265"

[[projects]]
  name = "github.com/pmezard/go-difflib"
  packages = ["difflib"]
  revision = "792786c7400a136282c1664665ae0a8db921c6c2"
  version = "v1.0.0"

[[projects]]
  name = "github.com/spf13/afero"
  packages = [
    ".",
    "mem"
  ]
  revision = "9be650865eab0c12963d8753212f4f9c66cdcf12"

[[projects]]
  name = "github.com/spf13/cast"
  packages = ["."]
  revision = "acbeb36b902d72a7a4c18e8f3241075e7ab763e4"
  version = "v1.1.0"

[[projects]]
  name = "github.com/spf13/cobra"
  packages = ["."]
  revision = "99b5d838ca16c25cc4944e323684f8415e8b10ba"

[[projects]]
  name = "github.com/spf13/jwalterweatherman"
  packages = ["."]
  revision = "0efa5202c04663c757d84f90f5219c1250baf94f"

[[projects]]
  name = "github.com/spf13/pflag"
  packages = ["."]
  revision = "e57e3eeb33f795204c1ca35f56c44f83227c6e66"
  version = "v1.0.0"

[[projects]]
  name = "github.com/spf13/viper"
  packages = ["."]
  revision = "c1de95864d73a5465492829d7cb2dd422b19ac96"

[[projects]]
  name = "github.com/stretchr/testify"
  packages = [
    "assert",
    "require",
    "suite"
  ]
  revision = "12b6f73e6084dad08a7c6e575284b177ecafbc71"
  version = "v1.2.1"

[[projects]]
  name = "github.com/stvp/rollbar"
  packages = ["."]
  revision = "3eb4713e2655cd1be805795be31b3f85b74b05fd"

[[projects]]
  branch = "master"
  name = "github.com/volatiletech/inflect"
  packages = ["."]
  revision = "e7201282ae8da26cd97aed2e516f75c0bd91bb93"

[[projects]]
  name = "golang.org/x/net"
  packages = ["context"]
  revision = "fe686d45ea04bc1bd4eff6a52865ce8757320325"

[[projects]]
  name = "golang.org/x/sys"
  packages = ["unix"]
  revision = "fb4cac33e3196ff7f507ab9b2d2a44b0142f5b5a"

[[projects]]
  name = "golang.org/x/text"
  packages = [
    "internal/gen",
    "internal/tag",
    "internal/triegen",
    "internal/ucd",
    "language",
    "language/display",
    "transform",
    "unicode/cldr",
    "unicode/norm"
  ]
  revision = "9e2f80a6ba7ed4ba13e0cd4b1f094bf916875735"

[[projects]]
  name = "gopkg.in/gin-contrib/cors.v1"
  packages = ["."]
  revision = "fb918bcd825b9e20f0c3c365981baf9454029b6c"
  version = "v1.1"

[[projects]]
  name = "gopkg.in/gin-gonic/gin.v1"
  packages = ["."]
  revision = "e2212d40c62a98b388a5eb48ecbdcf88534688ba"
  version = "v1.1.4"

[[projects]]
  name = "gopkg.in/go-playground/validator.v8"
  packages = ["."]
  revision = "5f57d2222ad794d0dffb07e664ea05e2ee07d60c"
  version = "v8.18.1"

[[projects]]
  name = "gopkg.in/olivere/elastic.v6"
  packages = ["."]
  revision = "d06c9338b70fa11ac48eb82d8a84090a8d7dfd8d"
  version = "v6.1.24"

[[projects]]
  name = "gopkg.in/volatiletech/null.v6"
  packages = [
    ".",
    "convert"
  ]
  revision = "0bef4e07ae1b27a2a4efa23bbb3006c8c3d2e01d"
  version = "v6.4"

[[projects]]
  name = "gopkg.in/yaml.v2"
  packages = ["."]
  revision = "cd8b52f8269e0feb286dfeef29f8fe4d5b397e0b"

[solve-meta]
  analyzer-name = "dep"
  analyzer-version = 1
  inputs-digest = "c0130f7771f4f0bfb6feeec167d9ae505ed6bae20dc303c3956a42dd85a7b887"
  solver-name = "gps-cdcl"
  solver-version = 1
